
Microsoft Visual Studio Solution File, Format Version 12.00
# Visual Studio Version 17
VisualStudioVersion = 17.11.35312.102
MinimumVisualStudioVersion = 10.0.40219.1
Project("{FAE04EC0-301F-11D3-BF4B-00C04F79EFBC}") = "FinalProjectDaniel29042025", "FinalProjectDaniel29042025.csproj", "{3EFD3C2A-0546-4555-A2B4-61B1EA280AE8}"
EndProject
Global
	GlobalSection(SolutionConfigurationPlatforms) = preSolution
		Debug|Any CPU = Debug|Any CPU
		Release|Any CPU = Release|Any CPU
	EndGlobalSection
	GlobalSection(ProjectConfigurationPlatforms) = postSolution
		{3EFD3C2A-0546-4555-A2B4-61B1EA280AE8}.Debug|Any CPU.ActiveCfg = Debug|Any CPU
		{3EFD3C2A-0546-4555-A2B4-61B1EA280AE8}.Debug|Any CPU.Build.0 = Debug|Any CPU
		{3EFD3C2A-0546-4555-A2B4-61B1EA280AE8}.Release|Any CPU.ActiveCfg = Release|Any CPU
		{3EFD3C2A-0546-4555-A2B4-61B1EA280AE8}.Release|Any CPU.Build.0 = Release|Any CPU
	EndGlobalSection
	GlobalSection(SolutionProperties) = preSolution
		HideSolutionNode = FALSE
	EndGlobalSection
	GlobalSection(ExtensibilityGlobals) = postSolution
		SolutionGuid = {7069120B-0A1D-4CA7-8322-D17386BDA396}
	EndGlobalSection
EndGlobal
